
Microsoft Visual Studio Solution File, Format Version 12.00
# Visual Studio 15
VisualStudioVersion = 15.0.27703.2000
MinimumVisualStudioVersion = 10.0.40219.1
Project("{9A19103F-16F7-4668-BE54-9A1E7A4F7556}") = "RoomBookingBot.Luis", "RoomBookingBot.Luis.csproj", "{E3F842C2-5E6E-4D3F-9B03-51841A578107}"
EndProject
Global
	GlobalSection(SolutionConfigurationPlatforms) = preSolution
		Debug|Any CPU = Debug|Any CPU
		Release|Any CPU = Release|Any CPU
	EndGlobalSection
	GlobalSection(ProjectConfigurationPlatforms) = postSolution
		{E3F842C2-5E6E-4D3F-9B03-51841A578107}.Debug|Any CPU.ActiveCfg = Debug|Any CPU
		{E3F842C2-5E6E-4D3F-9B03-51841A578107}.Debug|Any CPU.Build.0 = Debug|Any CPU
		{E3F842C2-5E6E-4D3F-9B03-51841A578107}.Release|Any CPU.ActiveCfg = Release|Any CPU
		{E3F842C2-5E6E-4D3F-9B03-51841A578107}.Release|Any CPU.Build.0 = Release|Any CPU
	EndGlobalSection
	GlobalSection(SolutionProperties) = preSolution
		HideSolutionNode = FALSE
	EndGlobalSection
	GlobalSection(ExtensibilityGlobals) = postSolution
		SolutionGuid = {721FCC2F-53B4-4F9B-B2D8-89D54B2305CD}
	EndGlobalSection
EndGlobal
